
Microsoft Visual Studio Solution File, Format Version 12.00
# Visual Studio 15
VisualStudioVersion = 15.0.27428.2015
MinimumVisualStudioVersion = 10.0.40219.1
Project("{8BC9CEB8-8B4A-11D0-8D11-00A0C91BC942}") = "GbaGameEngine", "GbaGameEngine\GbaGameEngine.vcxproj", "{DCEC00CF-8A78-43BE-A574-2677F76EFA82}"
EndProject
Project("{FAE04EC0-301F-11D3-BF4B-00C04F79EFBC}") = "GbaConversionTools", "GbaConversionTools\GbaConversionTools.csproj", "{5E6090E6-ED06-4CBF-9BE5-62722E99955A}"
EndProject
Global
	GlobalSection(SolutionConfigurationPlatforms) = preSolution
		Debug|Any CPU = Debug|Any CPU
		Debug|x64 = Debug|x64
		Debug|x86 = Debug|x86
		Release|Any CPU = Release|Any CPU
		Release|x64 = Release|x64
		Release|x86 = Release|x86
	EndGlobalSection
	GlobalSection(ProjectConfigurationPlatforms) = postSolution
		{DCEC00CF-8A78-43BE-A574-2677F76EFA82}.Debug|Any CPU.ActiveCfg = Debug|Win32
		{DCEC00CF-8A78-43BE-A574-2677F76EFA82}.Debug|Any CPU.Build.0 = Debug|Win32
		{DCEC00CF-8A78-43BE-A574-2677F76EFA82}.Debug|x64.ActiveCfg = Debug|x64
		{DCEC00CF-8A78-43BE-A574-2677F76EFA82}.Debug|x64.Build.0 = Debug|x64
		{DCEC00CF-8A78-43BE-A574-2677F76EFA82}.Debug|x86.ActiveCfg = Debug|Win32
		{DCEC00CF-8A78-43BE-A574-2677F76EFA82}.Debug|x86.Build.0 = Debug|Win32
		{DCEC00CF-8A78-43BE-A574-2677F76EFA82}.Release|Any CPU.ActiveCfg = Release|Win32
		{DCEC00CF-8A78-43BE-A574-2677F76EFA82}.Release|x64.ActiveCfg = Release|x64
		{DCEC00CF-8A78-43BE-A574-2677F76EFA82}.Release|x64.Build.0 = Release|x64
		{DCEC00CF-8A78-43BE-A574-2677F76EFA82}.Release|x86.ActiveCfg = Release|Win32
		{DCEC00CF-8A78-43BE-A574-2677F76EFA82}.Release|x86.Build.0 = Release|Win32
		{5E6090E6-ED06-4CBF-9BE5-62722E99955A}.Debug|Any CPU.ActiveCfg = Debug|Any CPU
		{5E6090E6-ED06-4CBF-9BE5-62722E99955A}.Debug|Any CPU.Build.0 = Debug|Any CPU
		{5E6090E6-ED06-4CBF-9BE5-62722E99955A}.Debug|x64.ActiveCfg = Debug|Any CPU
		{5E6090E6-ED06-4CBF-9BE5-62722E99955A}.Debug|x64.Build.0 = Debug|Any CPU
		{5E6090E6-ED06-4CBF-9BE5-62722E99955A}.Debug|x86.ActiveCfg = Debug|Any CPU
		{5E6090E6-ED06-4CBF-9BE5-62722E99955A}.Debug|x86.Build.0 = Debug|Any CPU
		{5E6090E6-ED06-4CBF-9BE5-62722E99955A}.Release|Any CPU.ActiveCfg = Release|Any CPU
		{5E6090E6-ED06-4CBF-9BE5-62722E99955A}.Release|Any CPU.Build.0 = Release|Any CPU
		{5E6090E6-ED06-4CBF-9BE5-62722E99955A}.Release|x64.ActiveCfg = Release|Any CPU
		{5E6090E6-ED06-4CBF-9BE5-62722E99955A}.Release|x64.Build.0 = Release|Any CPU
		{5E6090E6-ED06-4CBF-9BE5-62722E99955A}.Release|x86.ActiveCfg = Release|Any CPU
		{5E6090E6-ED06-4CBF-9BE5-62722E99955A}.Release|x86.Build.0 = Release|Any CPU
	EndGlobalSection
	GlobalSection(SolutionProperties) = preSolution
		HideSolutionNode = FALSE
	EndGlobalSection
	GlobalSection(ExtensibilityGlobals) = postSolution
		SolutionGuid = {F0AEA64C-31C1-4585-8719-2973D42A63F9}
	EndGlobalSection
EndGlobal
