<?xml version="1.0" encoding="utf-8"?>
<Project ToolsVersion="4.0" xmlns="http://schemas.microsoft.com/developer/msbuild/2003">
  <ItemGroup>
    <ClCompile Include="src\engine\algorithm\Compression.cpp" />
    <ClCompile Include="src\engine\asset\libraries\FontLibrary.cpp" />
    <ClCompile Include="src\engine\debug\DebugLog.cpp" />
    <ClCompile Include="src\engine\gba\graphics\vram\GBAVramAllocator.cpp" />
    <ClCompile Include="src\engine\graphics\font\Font.cpp" />
    <ClCompile Include="src\engine\graphics\font\FontLookupFunctions.cpp" />
    <ClCompile Include="src\engine\render\TextRenderer.cpp" />
    <ClCompile Include="src\engine\time\Time.cpp" />
    <ClCompile Include="src\engine\animation\SpriteAnimator.cpp" />
    <ClCompile Include="src\engine\engine\Engine.cpp" />
    <ClCompile Include="src\game\data\debug_font_8x8.cpp" />
    <ClCompile Include="src\game\scenes\TilemapTestScene.cpp" />
    <ClCompile Include="src\game\scripts\PlayerMovement.cpp" />
    <ClCompile Include="src\game\scenes\Scene0.cpp" />
    <ClCompile Include="src\engine\scene\SceneManager.cpp" />
    <ClCompile Include="src\engine\scene\Scene.cpp" />
    <ClCompile Include="src\engine\screen\Screen.cpp" />
    <ClCompile Include="src\engine\gameobject\Camera.cpp" />
    <ClCompile Include="src\engine\gba\graphics\oam\GBAAttributeFunctions.cpp" />
    <ClCompile Include="src\engine\render\Renderer.cpp" />
    <ClCompile Include="src\engine\gameobject\GameObject.cpp" />
    <ClCompile Include="src\engine\gba\graphics\oam\GBAOAMManager.cpp" />
    <ClCompile Include="src\engine\math\Math.cpp" />
    <ClCompile Include="src\engine\gba\graphics\tiles\GBAPaletteBank.cpp" />
    <ClCompile Include="src\engine\base\colour\Colour.cpp" />
    <ClCompile Include="src\engine\math\Vector2.cpp" />
    <ClCompile Include="src\main.cpp" />
    <ClCompile Include="src\engine\gba\registers\display\GBABackgroundAllocator.cpp" />
    <ClCompile Include="src\engine\gba\graphics\sprite\GBASpriteAtlus.cpp" />
    <ClCompile Include="src\engine\gba\graphics\sprite\GBASprite.cpp" />
    <ClCompile Include="src\engine\render\SpriteRenderer.cpp" />
    <ClCompile Include="src\engine\gba\graphics\GBAGraphics.cpp" />
    <ClCompile Include="src\engine\base\ecs\ManagedEntity.cpp" />
    <ClCompile Include="src\engine\time\TimeValue.cpp" />
    <ClCompile Include="src\engine\gba\graphics\GBAGraphics_DrawTilemap.cpp" />
    <ClCompile Include="src\engine\render\TilemapRenderer.cpp" />
    <ClCompile Include="src\external\tonc\memory\tonccpy.cpp" />
    <ClCompile Include="src\external\tonc\memory\toncset.cpp" />
    <ClCompile Include="src\engine\gameobject\transformation\Transform.cpp" />
    <ClCompile Include="src\engine\math\Matrix2x2.cpp" />
    <ClCompile Include="src\engine\io\filestream\CppFileReader.cpp" />
    <ClCompile Include="src\engine\asset\AnimationFactory.cpp" />
    <ClCompile Include="src\engine\asset\AssetLoadFunctions.cpp" />
    <ClCompile Include="src\engine\gba\graphics\tilemap\GBATilemap.cpp" />
    <ClCompile Include="src\engine\gba\graphics\tilemap\GBATilemapManager.cpp" />
    <ClCompile Include="src\engine\gba\graphics\tilemap\GBATilemapSet.cpp" />
    <ClCompile Include="src\engine\gba\audio\GBADirectSound.cpp" />
    <ClCompile Include="src\engine\gba\audio\GBAAudioManager.cpp" />
    <ClCompile Include="src\engine\audio\AudioManager.cpp" />
    <ClCompile Include="src\engine\audio\AudioChannelProperties.cpp" />
    <ClCompile Include="src\engine\gba\graphics\sprite\GBASpriteGraphicsMemoryManager.cpp" />
    <ClCompile Include="src\engine\physics\Collider.cpp" />
    <ClCompile Include="src\engine\physics\CollisionFunctions.cpp" />
    <ClCompile Include="src\engine\debug\DebugRender.cpp" />
    <ClCompile Include="src\engine\asset\SpriteAssetManager.cpp" />
    <ClCompile Include="src\engine\math\geometry\AxisAlignedBoundingBox.cpp" />
    <ClCompile Include="src\engine\math\geometry\Circle.cpp" />
    <ClCompile Include="src\game\scenes\LevelSelectorScene.cpp" />
    <ClCompile Include="src\engine\render\UiRenderer.cpp" />
    <ClCompile Include="src\game\data\FileRegistry.cpp" />
    <ClCompile Include="src\engine\io\FileSystem.cpp" />
    <ClCompile Include="src\game\scripts\gfx\GfxScreenFadeOut.cpp" />
    <ClCompile Include="src\engine\graphics\Graphics.cpp" />
    <ClCompile Include="src\engine\graphics\GraphicsSetup.cpp" />
    <ClCompile Include="src\game\scripts\gfx\GfxScreenFadeIn.cpp" />
    <ClCompile Include="src\engine\gba\interrupts\GBAInterruptSwitchboard.cpp" />
    <ClCompile Include="src\engine\input\GbaKeypadDevice.cpp" />
    <ClCompile Include="src\engine\input\InputManager.cpp" />
    <ClCompile Include="src\game\input\Input.cpp" />
    <ClCompile Include="src\game\input\InputConfig.cpp" />
    <ClCompile Include="src\engine\physics\PhysicsResolve.cpp" />
    <ClCompile Include="src\engine\base\ecs\Entity.h" />
    <ClCompile Include="src\engine\gba\audio\GBADmgSound.cpp" />
    <ClCompile Include="src\engine\gba\audio\GBADmgMidiPlayer.cpp" />
    <ClCompile Include="src\game\config\midi\MidiFallOfFall.cpp" />
    <ClCompile Include="src\game\config\midi\MidiPrefabs.cpp" />
    <ClCompile Include="src\engine\base\ecs\EntityComponentManager.cpp" />
    <ClCompile Include="src\engine\physics\Collision.cpp" />
    <ClCompile Include="src\game\scripts\states\DialogueState.cpp" />
    <ClCompile Include="src\game\scenes\CutsceneTestScene.cpp" />
    <ClCompile Include="src\game\scripts\states\BgFadeOutState.cpp" />
    <ClCompile Include="src\game\scripts\states\BgFadeInState.cpp" />
    <ClCompile Include="src\game\scripts\states\CutsceneState.cpp" />
    <ClCompile Include="src\engine\debug\Profiler.cpp" />
  </ItemGroup>
  <ItemGroup>
    <ClInclude Include="src\engine\algorithm\Compression.h" />
    <ClInclude Include="src\engine\animation\SpriteAnimation.h" />
    <ClInclude Include="src\engine\asset\libraries\FontLibrary.h" />
    <ClInclude Include="src\engine\base\colour\Palette.h" />
    <ClInclude Include="src\engine\base\core\Memory.h" />
    <ClInclude Include="src\engine\base\core\stl\FixedPoint.h" />
    <ClInclude Include="src\engine\base\core\stl\List.h" />
    <ClInclude Include="src\engine\base\ecs\EntityComponentManager.h" />
    <ClInclude Include="src\engine\base\ecs\ManagedEntity.h" />
    <ClInclude Include="src\engine\debug\DebugLog.h" />
    <ClInclude Include="src\engine\gameobject\ui\Text.h" />
    <ClInclude Include="src\engine\gba\graphics\vram\GBAVramAllocator.h" />
    <ClInclude Include="src\engine\gba\config\GBATimerId.h" />
    <ClInclude Include="src\engine\gameobject\transformation\Transform.h" />
    <ClInclude Include="src\engine\gba\registers\RegisterMap.h" />
    <ClInclude Include="src\engine\graphics\font\FontLookupFunctions.h" />
    <ClInclude Include="src\engine\graphics\font\Font.h" />
    <ClInclude Include="src\engine\math\geometry\AxisAlignedBoundingBox.h" />
    <ClInclude Include="src\engine\render\TextRenderer.h" />
    <ClInclude Include="src\engine\time\Time.h" />
    <ClInclude Include="src\engine\gameobject\ui\ScreenTransform.h" />
    <ClInclude Include="src\engine\animation\SpriteAnimator.h" />
    <ClInclude Include="src\engine\engine\Engine.h" />
    <ClInclude Include="src\game\scenes\TilemapTestScene.h" />
    <ClInclude Include="src\game\scripts\PlayerMovement.h" />
    <ClInclude Include="src\game\scenes\Scene0.h" />
    <ClInclude Include="src\engine\scene\SceneManager.h" />
    <ClInclude Include="src\engine\scene\Scene.h" />
    <ClInclude Include="src\engine\screen\Screen.h" />
    <ClInclude Include="src\engine\gameobject\Camera.h" />
    <ClInclude Include="src\engine\gba\graphics\oam\GBAAttributeFunctions.h" />
    <ClInclude Include="src\engine\render\SpriteRenderer.h" />
    <ClInclude Include="src\engine\render\Renderer.h" />
    <ClInclude Include="src\engine\gameobject\GameObject.h" />
    <ClInclude Include="src\engine\gba\graphics\oam\GBAOAMManager.h" />
    <ClInclude Include="src\engine\math\Math.h" />
    <ClInclude Include="src\engine\base\core\Nullptr.h" />
    <ClInclude Include="src\engine\base\core\stl\Array.h" />
    <ClInclude Include="src\engine\gba\graphics\tiles\GBAPaletteBank.h" />
    <ClInclude Include="src\engine\base\colour\Colour.h" />
    <ClInclude Include="src\engine\gba\memory\GBAMemoryLocations.h" />
    <ClInclude Include="src\engine\base\Macros.h" />
    <ClInclude Include="src\engine\base\Typedefs.h" />
    <ClInclude Include="src\engine\math\Vector2.h" />
    <ClInclude Include="src\engine\gba\registers\display\GBABackgroundAllocator.h" />
    <ClInclude Include="src\engine\render\TilemapRenderer.h" />
    <ClInclude Include="src\engine\base\core\stl\Bitmask.h" />
    <ClInclude Include="src\engine\util\state\StateMachine.h" />
    <ClInclude Include="src\engine\base\core\stl\SharedPtr.h" />
    <ClInclude Include="src\engine\base\core\stl\DoubleBuffer.h" />
    <ClInclude Include="src\engine\base\BitTwiddling.h" />
    <ClInclude Include="src\engine\base\core\stl\SharedPtrPool.h" />
    <ClInclude Include="src\engine\gba\graphics\sprite\GBASpriteAtlus.h" />
    <ClInclude Include="src\engine\gba\graphics\sprite\GBASprite.h" />
    <ClInclude Include="src\engine\gba\graphics\tiles\GBATile.h" />
    <ClInclude Include="src\engine\graphics\Graphics.h" />
    <ClInclude Include="src\engine\gba\config\GBADrawPriorityID.h" />
    <ClInclude Include="src\engine\gba\graphics\GBAGraphics.h" />
    <ClInclude Include="src\engine\time\TimeValue.h" />
    <ClInclude Include="src\external\tonc\include\tonc_asminc.h" />
    <ClInclude Include="src\external\tonc\include\tonc_nocash.h" />
    <ClInclude Include="src\external\tonc\memory\tonccpy.h" />
    <ClInclude Include="src\external\tonc\memory\toncset.h" />
    <ClInclude Include="src\external\entt\config\config.h" />
    <ClInclude Include="src\external\entt\config\version.h" />
    <ClInclude Include="src\external\entt\core\algorithm.hpp" />
    <ClInclude Include="src\external\entt\core\family.hpp" />
    <ClInclude Include="src\external\entt\core\hashed_string.hpp" />
    <ClInclude Include="src\external\entt\core\ident.hpp" />
    <ClInclude Include="src\external\entt\core\monostate.hpp" />
    <ClInclude Include="src\external\entt\core\type_traits.hpp" />
    <ClInclude Include="src\external\entt\core\utility.hpp" />
    <ClInclude Include="src\external\entt\entity\actor.hpp" />
    <ClInclude Include="src\external\entt\entity\entity.hpp" />
    <ClInclude Include="src\external\entt\entity\entt_traits.hpp" />
    <ClInclude Include="src\external\entt\entity\fwd.hpp" />
    <ClInclude Include="src\external\entt\entity\group.hpp" />
    <ClInclude Include="src\external\entt\entity\helper.hpp" />
    <ClInclude Include="src\external\entt\entity\prototype.hpp" />
    <ClInclude Include="src\external\entt\entity\registry.hpp" />
    <ClInclude Include="src\external\entt\entity\snapshot.hpp" />
    <ClInclude Include="src\external\entt\entity\sparse_set.hpp" />
    <ClInclude Include="src\external\entt\entity\view.hpp" />
    <ClInclude Include="src\external\entt\locator\locator.hpp" />
    <ClInclude Include="src\external\entt\meta\factory.hpp" />
    <ClInclude Include="src\external\entt\meta\meta.hpp" />
    <ClInclude Include="src\external\entt\process\process.hpp" />
    <ClInclude Include="src\external\entt\process\scheduler.hpp" />
    <ClInclude Include="src\external\entt\resource\cache.hpp" />
    <ClInclude Include="src\external\entt\resource\fwd.hpp" />
    <ClInclude Include="src\external\entt\resource\handle.hpp" />
    <ClInclude Include="src\external\entt\resource\loader.hpp" />
    <ClInclude Include="src\external\entt\signal\delegate.hpp" />
    <ClInclude Include="src\external\entt\signal\dispatcher.hpp" />
    <ClInclude Include="src\external\entt\signal\emitter.hpp" />
    <ClInclude Include="src\external\entt\signal\fwd.hpp" />
    <ClInclude Include="src\external\entt\signal\sigh.hpp" />
    <ClInclude Include="src\external\entt\entt.hpp" />
    <ClInclude Include="src\external\entt\fwd.hpp" />
    <ClInclude Include="src\engine\io\filestream\CppFileReader.h" />
    <ClInclude Include="src\engine\math\Matrix2x2.h" />
    <ClInclude Include="src\engine\asset\AnimationFactory.h" />
    <ClInclude Include="src\engine\asset\AssetLoadFunctions.h" />
    <ClInclude Include="src\engine\gba\graphics\tilemap\GBATilemap.h" />
    <ClInclude Include="src\engine\gba\graphics\tilemap\GBATilemapManager.h" />
    <ClInclude Include="src\engine\gba\graphics\tilemap\GBATilemapSet.h" />
    <ClInclude Include="src\engine\asset\FixedAssetManager.h" />
    <ClInclude Include="src\engine\gba\audio\GBADirectSound.h" />
    <ClInclude Include="src\engine\gba\audio\GBAAudioManager.h" />
    <ClInclude Include="src\engine\gba\config\GBADMAChannelID.h" />
    <ClInclude Include="src\engine\audio\AudioManager.h" />
    <ClInclude Include="src\engine\audio\AudioChannelProperties.h" />
    <ClInclude Include="src\engine\base\core\stl\Pool.h" />
    <ClInclude Include="src\engine\gba\graphics\sprite\GBASpriteGraphicsMemoryManager.h" />
    <ClInclude Include="src\engine\physics\Collider.h" />
    <ClInclude Include="src\engine\math\geometry\Circle.h" />
    <ClInclude Include="src\engine\physics\CollisionFunctions.h" />
    <ClInclude Include="src\engine\debug\DebugRender.h" />
    <ClInclude Include="src\engine\asset\SpriteAssetManager.h" />
    <ClInclude Include="src\engine\gba\graphics\sprite\GBASpriteNode.h" />
    <ClInclude Include="src\game\scenes\LevelSelectorScene.h" />
    <ClInclude Include="src\engine\render\UiRenderer.h" />
    <ClInclude Include="src\game\data\FileRegistry.h" />
    <ClInclude Include="src\engine\io\File.h" />
    <ClInclude Include="src\engine\io\FileSystem.h" />
    <ClInclude Include="src\game\data\GameFiles.gen.h" />
    <ClInclude Include="src\game\scripts\gfx\GfxScreenFadeOut.h" />
    <ClInclude Include="src\engine\graphics\postprocessing\IPostProcessingGfxTask.h" />
    <ClInclude Include="src\engine\graphics\GraphicsSetup.h" />
    <ClInclude Include="src\game\scripts\gfx\GfxScreenFadeIn.h" />
    <ClInclude Include="src\engine\gba\interrupts\GBAInterruptSwitchboard.h" />
    <ClInclude Include="src\engine\input\IInputDevice.h" />
    <ClInclude Include="src\engine\input\GbaKeypadDevice.h" />
    <ClInclude Include="src\engine\input\InputManager.h" />
    <ClInclude Include="src\engine\input\GbaKeypadMap.h" />
    <ClInclude Include="src\game\input\Input.h" />
    <ClInclude Include="src\engine\input\IInputMap.h" />
    <ClInclude Include="src\game\input\InputConfig.h" />
    <ClInclude Include="src\engine\emulator\NoCashEmulator.h" />
    <ClInclude Include="src\engine\physics\Rigidbody.h" />
    <ClInclude Include="src\engine\physics\PhysicsResolve.h" />
    <ClInclude Include="src\engine\physics\PhysicsConfig.h" />
    <ClInclude Include="src\engine\physics\Collision.h" />
    <ClInclude Include="src\engine\math\VectorMath.h" />
    <ClInclude Include="src\game\scripts\util\CommandQueue.h" />
    <ClInclude Include="src\engine\gba\audio\GBADmgSound.h" />
    <ClInclude Include="src\engine\audio\music\Note.h" />
    <ClInclude Include="src\engine\emulator\VisualBoyAdvance.h" />
    <ClInclude Include="src\engine\gba\audio\GBADmgMidiPlayer.h" />
    <ClInclude Include="src\game\config\midi\MidiFallOfFall.h" />
    <ClInclude Include="src\game\config\midi\MidiPrefabs.h" />
    <ClInclude Include="src\game\scripts\states\DialogueState.h" />
    <ClInclude Include="src\game\scenes\CutsceneTestScene.h" />
    <ClInclude Include="src\game\scripts\states\BgFadeOutState.h" />
    <ClInclude Include="src\game\scripts\states\BgFadeInState.h" />
    <ClInclude Include="src\game\scripts\states\CutsceneState.h" />
    <ClInclude Include="src\gbatek\Backgrounds.h" />
    <ClInclude Include="src\gbatek\DisplayControl.h" />
    <ClInclude Include="src\gbatek\DisplayStatus.h" />
    <ClInclude Include="src\gbatek\Keypad.h" />
    <ClInclude Include="src\gbatek\Timers.h" />
    <ClInclude Include="src\gbatek\VCount.h" />
    <ClInclude Include="src\gbatek\GBA.h" />
    <ClInclude Include="src\gbatek\Bios.h" />
    <ClInclude Include="src\gbatek\Interrupts.h" />
    <ClInclude Include="src\gbatek\ObjectAttributeMemory.h" />
    <ClInclude Include="src\gbatek\internal\Internal.h" />
    <ClInclude Include="src\gbatek\ColourPalettes.h" />
    <ClInclude Include="src\gbatek\Vram.h" />
    <ClInclude Include="src\gbatek\DirectMemoryAccess.h" />
    <ClInclude Include="src\gbatek\ColourRGB16.h" />
    <ClInclude Include="src\engine\debug\Profiler.h" />
    <ClInclude Include="src\gbatek\DMGSound.h" />
    <ClInclude Include="src\external\entt\resource\resource.hpp" />
    <ClInclude Include="src\external\entt\config\macro.h" />
    <ClInclude Include="src\external\entt\container\dense_map.hpp" />
    <ClInclude Include="src\external\entt\container\dense_set.hpp" />
    <ClInclude Include="src\external\entt\container\fwd.hpp" />
    <ClInclude Include="src\external\entt\core\any.hpp" />
    <ClInclude Include="src\external\entt\core\attribute.h" />
    <ClInclude Include="src\external\entt\core\compressed_pair.hpp" />
    <ClInclude Include="src\external\entt\core\enum.hpp" />
    <ClInclude Include="src\external\entt\core\fwd.hpp" />
    <ClInclude Include="src\external\entt\core\iterator.hpp" />
    <ClInclude Include="src\external\entt\core\memory.hpp" />
    <ClInclude Include="src\external\entt\core\tuple.hpp" />
    <ClInclude Include="src\external\entt\core\type_info.hpp" />
    <ClInclude Include="src\external\entt\entity\component.hpp" />
    <ClInclude Include="src\external\entt\entity\handle.hpp" />
    <ClInclude Include="src\external\entt\entity\mixin.hpp" />
    <ClInclude Include="src\external\entt\entity\observer.hpp" />
    <ClInclude Include="src\external\entt\entity\organizer.hpp" />
    <ClInclude Include="src\external\entt\entity\runtime_view.hpp" />
    <ClInclude Include="src\external\entt\entity\storage.hpp" />
    <ClInclude Include="src\external\entt\entity\table.hpp" />
    <ClInclude Include="src\external\entt\graph\adjacency_matrix.hpp" />
    <ClInclude Include="src\external\entt\graph\dot.hpp" />
    <ClInclude Include="src\external\entt\graph\flow.hpp" />
    <ClInclude Include="src\external\entt\graph\fwd.hpp" />
    <ClInclude Include="src\external\entt\meta\adl_pointer.hpp" />
    <ClInclude Include="src\external\entt\meta\container.hpp" />
    <ClInclude Include="src\external\entt\meta\context.hpp" />
    <ClInclude Include="src\external\entt\meta\fwd.hpp" />
    <ClInclude Include="src\external\entt\meta\node.hpp" />
    <ClInclude Include="src\external\entt\meta\pointer.hpp" />
    <ClInclude Include="src\external\entt\meta\policy.hpp" />
    <ClInclude Include="src\external\entt\meta\range.hpp" />
    <ClInclude Include="src\external\entt\meta\resolve.hpp" />
    <ClInclude Include="src\external\entt\meta\template.hpp" />
    <ClInclude Include="src\external\entt\meta\type_traits.hpp" />
    <ClInclude Include="src\external\entt\meta\utility.hpp" />
    <ClInclude Include="src\external\entt\platform\android-ndk-r17.hpp" />
    <ClInclude Include="src\external\entt\poly\fwd.hpp" />
    <ClInclude Include="src\external\entt\poly\poly.hpp" />
    <ClInclude Include="src\external\entt\process\fwd.hpp" />
    <ClInclude Include="src\engine\base\core\stl\Span.h" />
  </ItemGroup>
  <ItemGroup>
    <None Include="makefile" />
    <None Include="src\external\tonc\asm\tonc_nocash.s" />
    <None Include="scripts\update_gamefiles.sh" />
  </ItemGroup>
</Project>