<?xml version="1.0" encoding="utf-8"?>
<Project ToolsVersion="4.0" xmlns="http://schemas.microsoft.com/developer/msbuild/2003">
  <ItemGroup>
    <Filter Include="Source Files">
      <UniqueIdentifier>{4FC737F1-C7A5-4376-A066-2A32D752A2FF}</UniqueIdentifier>
      <Extensions>cpp;c;cc;cxx;def;odl;idl;hpj;bat;asm;asmx</Extensions>
    </Filter>
    <Filter Include="Header Files">
      <UniqueIdentifier>{93995380-89BD-4b04-88EB-625FBE52EBFB}</UniqueIdentifier>
      <Extensions>h;hh;hpp;hxx;hm;inl;inc;ipp;xsd</Extensions>
    </Filter>
    <Filter Include="Resource Files">
      <UniqueIdentifier>{67DA6AB6-F800-4c08-8B7A-83BB121AAD01}</UniqueIdentifier>
      <Extensions>rc;ico;cur;bmp;dlg;rc2;rct;bin;rgs;gif;jpg;jpeg;jpe;resx;tiff;tif;png;wav;mfcribbon-ms</Extensions>
    </Filter>
  </ItemGroup>
  <ItemGroup>
    <None Include="..\..\..\..\Alex%27s stuff\Dev\GbaGameEngine\GbaGameEngine\makefile" />
  </ItemGroup>
  <ItemGroup>
    <ClCompile Include="..\..\..\..\Alex%27s stuff\Dev\GbaGameEngine\GbaGameEngine\src\main.cpp">
      <Filter>Source Files</Filter>
    </ClCompile>
    <ClCompile Include="src\engine\math\Vector2.cpp">
      <Filter>Source Files</Filter>
    </ClCompile>
    <ClCompile Include="src\engine\base\colour\Colour.cpp">
      <Filter>Source Files</Filter>
    </ClCompile>
    <ClCompile Include="src\engine\gba\graphics\tiles\GBAPaletteBank.cpp">
      <Filter>Source Files</Filter>
    </ClCompile>
    <ClCompile Include="src\engine\gba\graphics\tiles\GBATileBank.cpp">
      <Filter>Source Files</Filter>
    </ClCompile>
    <ClCompile Include="src\engine\math\Math.cpp">
      <Filter>Source Files</Filter>
    </ClCompile>
    <ClCompile Include="src\engine\gba\graphics\oam\GBAObjectAffine.cpp">
      <Filter>Source Files</Filter>
    </ClCompile>
    <ClCompile Include="src\engine\gba\graphics\oam\GBAObjectAttribute.cpp">
      <Filter>Source Files</Filter>
    </ClCompile>
    <ClCompile Include="src\engine\gba\graphics\oam\GBAOAMManager.cpp">
      <Filter>Source Files</Filter>
    </ClCompile>
    <ClCompile Include="src\engine\gameobject\GameObject.cpp">
      <Filter>Source Files</Filter>
    </ClCompile>
    <ClCompile Include="src\engine\rendering\Renderer.cpp">
      <Filter>Source Files</Filter>
    </ClCompile>
    <ClCompile Include="src\engine\gba\graphics\oam\GBAAttributeFunctions.cpp">
      <Filter>Source Files</Filter>
    </ClCompile>
    <ClCompile Include="src\engine\rendering\GBASpriteRenderer.cpp">
      <Filter>Source Files</Filter>
    </ClCompile>
    <ClCompile Include="src\engine\gameobject\Camera.cpp">
      <Filter>Source Files</Filter>
    </ClCompile>
    <ClCompile Include="src\engine\screen\Screen.cpp">
      <Filter>Source Files</Filter>
    </ClCompile>
    <ClCompile Include="src\engine\gba\registers\display\GBADisplayControl.cpp">
      <Filter>Source Files</Filter>
    </ClCompile>
    <ClCompile Include="src\engine\gba\registers\display\GBADisplayStatus.cpp">
      <Filter>Source Files</Filter>
    </ClCompile>
    <ClCompile Include="src\engine\gba\registers\input\GBAInput.cpp">
      <Filter>Source Files</Filter>
    </ClCompile>
  </ItemGroup>
  <ItemGroup>
    <ClInclude Include="src\engine\math\Vector2.h">
      <Filter>Header Files</Filter>
    </ClInclude>
    <ClInclude Include="src\engine\base\Macros.h">
      <Filter>Header Files</Filter>
    </ClInclude>
    <ClInclude Include="src\engine\base\Typedefs.h">
      <Filter>Header Files</Filter>
    </ClInclude>
    <ClInclude Include="src\engine\gba\memory\GBAMemoryLocations.h">
      <Filter>Header Files</Filter>
    </ClInclude>
    <ClInclude Include="src\engine\base\colour\Colour.h">
      <Filter>Header Files</Filter>
    </ClInclude>
    <ClInclude Include="src\engine\gba\graphics\tiles\GBAPaletteBank.h">
      <Filter>Header Files</Filter>
    </ClInclude>
    <ClInclude Include="src\engine\gba\graphics\tiles\GBATileBank.h">
      <Filter>Header Files</Filter>
    </ClInclude>
    <ClInclude Include="..\..\..\..\Alex%27s stuff\Dev\GbaGameEngine\GbaGameEngine\src\engine\base\core\Memory.h">
      <Filter>Header Files</Filter>
    </ClInclude>
    <ClInclude Include="src\engine\base\core\Nullptr.h">
      <Filter>Header Files</Filter>
    </ClInclude>
    <ClInclude Include="src\engine\base\core\stl\Array.h">
      <Filter>Header Files</Filter>
    </ClInclude>
    <ClInclude Include="..\..\..\..\Alex%27s stuff\Dev\GbaGameEngine\GbaGameEngine\src\engine\base\core\stl\List.h">
      <Filter>Header Files</Filter>
    </ClInclude>
    <ClInclude Include="src\engine\math\Math.h">
      <Filter>Header Files</Filter>
    </ClInclude>
    <ClInclude Include="src\engine\gba\graphics\oam\GBAObjectAffine.h">
      <Filter>Header Files</Filter>
    </ClInclude>
    <ClInclude Include="src\engine\gba\graphics\oam\GBAObjectAttribute.h">
      <Filter>Header Files</Filter>
    </ClInclude>
    <ClInclude Include="src\engine\gba\graphics\oam\GBAOAMManager.h">
      <Filter>Header Files</Filter>
    </ClInclude>
    <ClInclude Include="src\engine\gameobject\GameObject.h">
      <Filter>Header Files</Filter>
    </ClInclude>
    <ClInclude Include="src\engine\rendering\Renderer.h">
      <Filter>Header Files</Filter>
    </ClInclude>
    <ClInclude Include="src\engine\gba\graphics\oam\GBAAttributeFunctions.h">
      <Filter>Header Files</Filter>
    </ClInclude>
    <ClInclude Include="src\engine\assets\GBASprite.h">
      <Filter>Header Files</Filter>
    </ClInclude>
    <ClInclude Include="src\engine\rendering\GBASpriteRenderer.h">
      <Filter>Header Files</Filter>
    </ClInclude>
    <ClInclude Include="src\engine\gameobject\Camera.h">
      <Filter>Header Files</Filter>
    </ClInclude>
    <ClInclude Include="src\engine\screen\Screen.h">
      <Filter>Header Files</Filter>
    </ClInclude>
    <ClInclude Include="src\engine\gba\graphics\tiles\GBATileConfig.h">
      <Filter>Header Files</Filter>
    </ClInclude>
    <ClInclude Include="src\engine\gba\registers\display\GBADisplayControl.h">
      <Filter>Header Files</Filter>
    </ClInclude>
    <ClInclude Include="src\engine\gba\registers\display\GBADisplayStatus.h">
      <Filter>Header Files</Filter>
    </ClInclude>
    <ClInclude Include="src\engine\gba\registers\input\GBAInput.h">
      <Filter>Header Files</Filter>
    </ClInclude>
  </ItemGroup>
</Project>